
Microsoft Visual Studio Solution File, Format Version 12.00
# Visual Studio 15
VisualStudioVersion = 15.0.26730.16
MinimumVisualStudioVersion = 10.0.40219.1
Project("{9A19103F-16F7-4668-BE54-9A1E7A4F7556}") = "SimpleConsumer", "SimpleConsumer\src\SimpleConsumer\SimpleConsumer.csproj", "{8220DF7C-B49D-46D4-98DD-57C680AF9063}"
EndProject
Project("{9A19103F-16F7-4668-BE54-9A1E7A4F7556}") = "SimpleProducer", "SimpleProducer\src\SimpleProducer\SimpleProducer.csproj", "{7EE4BCA2-3849-4D82-A4CD-DA345003B0A8}"
EndProject
Project("{9A19103F-16F7-4668-BE54-9A1E7A4F7556}") = "SimpleQueueConsumer", "SimpleQueueConsumer\SimpleQueueConsumer.csproj", "{BE7E6306-A667-42C6-8584-3BD59CE56EFA}"
EndProject
Global
	GlobalSection(SolutionConfigurationPlatforms) = preSolution
		Debug|Any CPU = Debug|Any CPU
		Release|Any CPU = Release|Any CPU
	EndGlobalSection
	GlobalSection(ProjectConfigurationPlatforms) = postSolution
		{8220DF7C-B49D-46D4-98DD-57C680AF9063}.Debug|Any CPU.ActiveCfg = Debug|Any CPU
		{8220DF7C-B49D-46D4-98DD-57C680AF9063}.Debug|Any CPU.Build.0 = Debug|Any CPU
		{8220DF7C-B49D-46D4-98DD-57C680AF9063}.Release|Any CPU.ActiveCfg = Release|Any CPU
		{8220DF7C-B49D-46D4-98DD-57C680AF9063}.Release|Any CPU.Build.0 = Release|Any CPU
		{7EE4BCA2-3849-4D82-A4CD-DA345003B0A8}.Debug|Any CPU.ActiveCfg = Debug|Any CPU
		{7EE4BCA2-3849-4D82-A4CD-DA345003B0A8}.Debug|Any CPU.Build.0 = Debug|Any CPU
		{7EE4BCA2-3849-4D82-A4CD-DA345003B0A8}.Release|Any CPU.ActiveCfg = Release|Any CPU
		{7EE4BCA2-3849-4D82-A4CD-DA345003B0A8}.Release|Any CPU.Build.0 = Release|Any CPU
		{BE7E6306-A667-42C6-8584-3BD59CE56EFA}.Debug|Any CPU.ActiveCfg = Debug|Any CPU
		{BE7E6306-A667-42C6-8584-3BD59CE56EFA}.Debug|Any CPU.Build.0 = Debug|Any CPU
		{BE7E6306-A667-42C6-8584-3BD59CE56EFA}.Release|Any CPU.ActiveCfg = Release|Any CPU
		{BE7E6306-A667-42C6-8584-3BD59CE56EFA}.Release|Any CPU.Build.0 = Release|Any CPU
	EndGlobalSection
	GlobalSection(SolutionProperties) = preSolution
		HideSolutionNode = FALSE
	EndGlobalSection
	GlobalSection(ExtensibilityGlobals) = postSolution
		SolutionGuid = {3CE04CBB-1CEC-44F5-BC6C-BF4A75C3AF37}
	EndGlobalSection
EndGlobal
